// !$*UTF8*$!
{
	archiveVersion = 1;
	classes = {
	};
	objectVersion = 51;
	objects = {

/* Begin PBXBuildFile section */
		2DB534992539E6FB008A8B46 /* WelcomeViewController.swift in Sources */ = {isa = PBXBuildFile; fileRef = 2DB534982539E6FB008A8B46 /* WelcomeViewController.swift */; };
		2DB5349B2539F9B6008A8B46 /* GoogleService-Info.plist in Resources */ = {isa = PBXBuildFile; fileRef = 2DB5349A2539F9B6008A8B46 /* GoogleService-Info.plist */; };
		2DBA18AE2530F78B00876744 /* AppDelegate.swift in Sources */ = {isa = PBXBuildFile; fileRef = 2DBA18AD2530F78B00876744 /* AppDelegate.swift */; };
		2DBA18B02530F78B00876744 /* SceneDelegate.swift in Sources */ = {isa = PBXBuildFile; fileRef = 2DBA18AF2530F78B00876744 /* SceneDelegate.swift */; };
		2DBA18B22530F78B00876744 /* ViewController.swift in Sources */ = {isa = PBXBuildFile; fileRef = 2DBA18B12530F78B00876744 /* ViewController.swift */; };
		2DBA18B52530F78B00876744 /* Main.storyboard in Resources */ = {isa = PBXBuildFile; fileRef = 2DBA18B32530F78B00876744 /* Main.storyboard */; };
		2DBA18B72530F78B00876744 /* Assets.xcassets in Resources */ = {isa = PBXBuildFile; fileRef = 2DBA18B62530F78B00876744 /* Assets.xcassets */; };
		2DBA18BA2530F78B00876744 /* LaunchScreen.storyboard in Resources */ = {isa = PBXBuildFile; fileRef = 2DBA18B82530F78B00876744 /* LaunchScreen.storyboard */; };
		2DBA18C225312D5F00876744 /* README.md in Resources */ = {isa = PBXBuildFile; fileRef = 2DBA18C125312D5E00876744 /* README.md */; };
		2DEC32C625323DD40086DD70 /* LogIn.storyboard in Resources */ = {isa = PBXBuildFile; fileRef = 2DEC32C525323DD40086DD70 /* LogIn.storyboard */; };
		2DEC32C825323E6A0086DD70 /* Register.storyboard in Resources */ = {isa = PBXBuildFile; fileRef = 2DEC32C725323E6A0086DD70 /* Register.storyboard */; };
		2DEC32CA2532404A0086DD70 /* Chat.storyboard in Resources */ = {isa = PBXBuildFile; fileRef = 2DEC32C92532404A0086DD70 /* Chat.storyboard */; };
		BAFA0ECD9457914CE29DF267 /* Pods_LetsChat.framework in Frameworks */ = {isa = PBXBuildFile; fileRef = F25FED287F91A239F7EE827E /* Pods_LetsChat.framework */; };
/* End PBXBuildFile section */

/* Begin PBXFileReference section */
		2DB534982539E6FB008A8B46 /* WelcomeViewController.swift */ = {isa = PBXFileReference; lastKnownFileType = sourcecode.swift; path = WelcomeViewController.swift; sourceTree = "<group>"; };
		2DB5349A2539F9B6008A8B46 /* GoogleService-Info.plist */ = {isa = PBXFileReference; fileEncoding = 4; lastKnownFileType = text.plist.xml; path = "GoogleService-Info.plist"; sourceTree = "<group>"; };
		2DBA18AA2530F78B00876744 /* LetsChat.app */ = {isa = PBXFileReference; explicitFileType = wrapper.application; includeInIndex = 0; path = LetsChat.app; sourceTree = BUILT_PRODUCTS_DIR; };
		2DBA18AD2530F78B00876744 /* AppDelegate.swift */ = {isa = PBXFileReference; lastKnownFileType = sourcecode.swift; path = AppDelegate.swift; sourceTree = "<group>"; };
		2DBA18AF2530F78B00876744 /* SceneDelegate.swift */ = {isa = PBXFileReference; lastKnownFileType = sourcecode.swift; path = SceneDelegate.swift; sourceTree = "<group>"; };
		2DBA18B12530F78B00876744 /* ViewController.swift */ = {isa = PBXFileReference; lastKnownFileType = sourcecode.swift; path = ViewController.swift; sourceTree = "<group>"; };
		2DBA18B42530F78B00876744 /* Base */ = {isa = PBXFileReference; lastKnownFileType = file.storyboard; name = Base; path = Base.lproj/Main.storyboard; sourceTree = "<group>"; };
		2DBA18B62530F78B00876744 /* Assets.xcassets */ = {isa = PBXFileReference; lastKnownFileType = folder.assetcatalog; path = Assets.xcassets; sourceTree = "<group>"; };
		2DBA18B92530F78B00876744 /* Base */ = {isa = PBXFileReference; lastKnownFileType = file.storyboard; name = Base; path = Base.lproj/LaunchScreen.storyboard; sourceTree = "<group>"; };
		2DBA18BB2530F78B00876744 /* Info.plist */ = {isa = PBXFileReference; lastKnownFileType = text.plist.xml; path = Info.plist; sourceTree = "<group>"; };
		2DBA18C125312D5E00876744 /* README.md */ = {isa = PBXFileReference; fileEncoding = 4; lastKnownFileType = net.daringfireball.markdown; path = README.md; sourceTree = "<group>"; };
		2DEC32C525323DD40086DD70 /* LogIn.storyboard */ = {isa = PBXFileReference; lastKnownFileType = file.storyboard; path = LogIn.storyboard; sourceTree = "<group>"; };
		2DEC32C725323E6A0086DD70 /* Register.storyboard */ = {isa = PBXFileReference; lastKnownFileType = file.storyboard; path = Register.storyboard; sourceTree = "<group>"; };
		2DEC32C92532404A0086DD70 /* Chat.storyboard */ = {isa = PBXFileReference; lastKnownFileType = file.storyboard; path = Chat.storyboard; sourceTree = "<group>"; };
		36303DAE2BFCD66AAA29E19A /* Pods-LetsChat.release.xcconfig */ = {isa = PBXFileReference; includeInIndex = 1; lastKnownFileType = text.xcconfig; name = "Pods-LetsChat.release.xcconfig"; path = "Target Support Files/Pods-LetsChat/Pods-LetsChat.release.xcconfig"; sourceTree = "<group>"; };
		814513AF3B6F72D5AFF5B22C /* Pods-LetsChat.debug.xcconfig */ = {isa = PBXFileReference; includeInIndex = 1; lastKnownFileType = text.xcconfig; name = "Pods-LetsChat.debug.xcconfig"; path = "Target Support Files/Pods-LetsChat/Pods-LetsChat.debug.xcconfig"; sourceTree = "<group>"; };
		F25FED287F91A239F7EE827E /* Pods_LetsChat.framework */ = {isa = PBXFileReference; explicitFileType = wrapper.framework; includeInIndex = 0; path = Pods_LetsChat.framework; sourceTree = BUILT_PRODUCTS_DIR; };
/* End PBXFileReference section */

/* Begin PBXFrameworksBuildPhase section */
		2DBA18A72530F78B00876744 /* Frameworks */ = {
			isa = PBXFrameworksBuildPhase;
			buildActionMask = 2147483647;
			files = (
				BAFA0ECD9457914CE29DF267 /* Pods_LetsChat.framework in Frameworks */,
			);
			runOnlyForDeploymentPostprocessing = 0;
		};
/* End PBXFrameworksBuildPhase section */

/* Begin PBXGroup section */
		2DBA18A12530F78B00876744 = {
			isa = PBXGroup;
			children = (
				2DBA18C125312D5E00876744 /* README.md */,
				2DBA18AC2530F78B00876744 /* LetsChat */,
				2DBA18AB2530F78B00876744 /* Products */,
				6CEE9369FBE846CD5DD0F082 /* Pods */,
				BB7FE29C29E230C30AED4DA3 /* Frameworks */,
			);
			sourceTree = "<group>";
		};
		2DBA18AB2530F78B00876744 /* Products */ = {
			isa = PBXGroup;
			children = (
				2DBA18AA2530F78B00876744 /* LetsChat.app */,
			);
			name = Products;
			sourceTree = "<group>";
		};
		2DBA18AC2530F78B00876744 /* LetsChat */ = {
			isa = PBXGroup;
			children = (
				2DEC32C425323D8B0086DD70 /* Models */,
				2DEC32C325323D6A0086DD70 /* Controllers */,
				2DEC32C225323D570086DD70 /* Views */,
				2DBA18AD2530F78B00876744 /* AppDelegate.swift */,
				2DBA18AF2530F78B00876744 /* SceneDelegate.swift */,
				2DBA18B12530F78B00876744 /* ViewController.swift */,
				2DBA18B62530F78B00876744 /* Assets.xcassets */,
				2DBA18B82530F78B00876744 /* LaunchScreen.storyboard */,
				2DBA18BB2530F78B00876744 /* Info.plist */,
				2DB5349A2539F9B6008A8B46 /* GoogleService-Info.plist */,
			);
			path = LetsChat;
			sourceTree = "<group>";
		};
		2DEC32C225323D570086DD70 /* Views */ = {
			isa = PBXGroup;
			children = (
				2DBA18B32530F78B00876744 /* Main.storyboard */,
				2DEC32C525323DD40086DD70 /* LogIn.storyboard */,
				2DEC32C725323E6A0086DD70 /* Register.storyboard */,
				2DEC32C92532404A0086DD70 /* Chat.storyboard */,
			);
			path = Views;
			sourceTree = "<group>";
		};
		2DEC32C325323D6A0086DD70 /* Controllers */ = {
			isa = PBXGroup;
			children = (
				2DB534982539E6FB008A8B46 /* WelcomeViewController.swift */,
			);
			path = Controllers;
			sourceTree = "<group>";
		};
		2DEC32C425323D8B0086DD70 /* Models */ = {
			isa = PBXGroup;
			children = (
			);
			path = Models;
			sourceTree = "<group>";
		};
		6CEE9369FBE846CD5DD0F082 /* Pods */ = {
			isa = PBXGroup;
			children = (
				814513AF3B6F72D5AFF5B22C /* Pods-LetsChat.debug.xcconfig */,
				36303DAE2BFCD66AAA29E19A /* Pods-LetsChat.release.xcconfig */,
			);
			path = Pods;
			sourceTree = "<group>";
		};
		BB7FE29C29E230C30AED4DA3 /* Frameworks */ = {
			isa = PBXGroup;
			children = (
				F25FED287F91A239F7EE827E /* Pods_LetsChat.framework */,
			);
			name = Frameworks;
			sourceTree = "<group>";
		};
/* End PBXGroup section */

/* Begin PBXNativeTarget section */
		2DBA18A92530F78B00876744 /* LetsChat */ = {
			isa = PBXNativeTarget;
			buildConfigurationList = 2DBA18BE2530F78B00876744 /* Build configuration list for PBXNativeTarget "LetsChat" */;
			buildPhases = (
				DC843CAC2F7CB5308B02076E /* [CP] Check Pods Manifest.lock */,
				2DBA18A62530F78B00876744 /* Sources */,
				2DBA18A72530F78B00876744 /* Frameworks */,
				2DBA18A82530F78B00876744 /* Resources */,
				BEDBB3531066413614338E50 /* [CP] Embed Pods Frameworks */,
			);
			buildRules = (
			);
			dependencies = (
			);
			name = LetsChat;
			productName = LetsChat;
			productReference = 2DBA18AA2530F78B00876744 /* LetsChat.app */;
			productType = "com.apple.product-type.application";
		};
/* End PBXNativeTarget section */

/* Begin PBXProject section */
		2DBA18A22530F78B00876744 /* Project object */ = {
			isa = PBXProject;
			attributes = {
				LastSwiftUpdateCheck = 1160;
				LastUpgradeCheck = 1160;
				ORGANIZATIONNAME = "Amr Mohamad";
				TargetAttributes = {
					2DBA18A92530F78B00876744 = {
						CreatedOnToolsVersion = 11.6;
					};
				};
			};
			buildConfigurationList = 2DBA18A52530F78B00876744 /* Build configuration list for PBXProject "LetsChat" */;
			compatibilityVersion = "Xcode 9.3";
			developmentRegion = en;
			hasScannedForEncodings = 0;
			knownRegions = (
				en,
				Base,
			);
			mainGroup = 2DBA18A12530F78B00876744;
			productRefGroup = 2DBA18AB2530F78B00876744 /* Products */;
			projectDirPath = "";
			projectRoot = "";
			targets = (
				2DBA18A92530F78B00876744 /* LetsChat */,
			);
		};
/* End PBXProject section */

/* Begin PBXResourcesBuildPhase section */
		2DBA18A82530F78B00876744 /* Resources */ = {
			isa = PBXResourcesBuildPhase;
			buildActionMask = 2147483647;
			files = (
				2DEC32CA2532404A0086DD70 /* Chat.storyboard in Resources */,
				2DB5349B2539F9B6008A8B46 /* GoogleService-Info.plist in Resources */,
				2DBA18BA2530F78B00876744 /* LaunchScreen.storyboard in Resources */,
				2DBA18B72530F78B00876744 /* Assets.xcassets in Resources */,
				2DBA18C225312D5F00876744 /* README.md in Resources */,
				2DBA18B52530F78B00876744 /* Main.storyboard in Resources */,
				2DEC32C625323DD40086DD70 /* LogIn.storyboard in Resources */,
				2DEC32C825323E6A0086DD70 /* Register.storyboard in Resources */,
			);
			runOnlyForDeploymentPostprocessing = 0;
		};
/* End PBXResourcesBuildPhase section */

/* Begin PBXShellScriptBuildPhase section */
		BEDBB3531066413614338E50 /* [CP] Embed Pods Frameworks */ = {
			isa = PBXShellScriptBuildPhase;
			buildActionMask = 2147483647;
			files = (
			);
			inputFileListPaths = (
				"${PODS_ROOT}/Target Support Files/Pods-LetsChat/Pods-LetsChat-frameworks-${CONFIGURATION}-input-files.xcfilelist",
			);
			name = "[CP] Embed Pods Frameworks";
			outputFileListPaths = (
				"${PODS_ROOT}/Target Support Files/Pods-LetsChat/Pods-LetsChat-frameworks-${CONFIGURATION}-output-files.xcfilelist",
			);
			runOnlyForDeploymentPostprocessing = 0;
			shellPath = /bin/sh;
			shellScript = "\"${PODS_ROOT}/Target Support Files/Pods-LetsChat/Pods-LetsChat-frameworks.sh\"\n";
			showEnvVarsInLog = 0;
		};
		DC843CAC2F7CB5308B02076E /* [CP] Check Pods Manifest.lock */ = {
			isa = PBXShellScriptBuildPhase;
			buildActionMask = 2147483647;
			files = (
			);
			inputFileListPaths = (
			);
			inputPaths = (
				"${PODS_PODFILE_DIR_PATH}/Podfile.lock",
				"${PODS_ROOT}/Manifest.lock",
			);
			name = "[CP] Check Pods Manifest.lock";
			outputFileListPaths = (
			);
			outputPaths = (
				"$(DERIVED_FILE_DIR)/Pods-LetsChat-checkManifestLockResult.txt",
			);
			runOnlyForDeploymentPostprocessing = 0;
			shellPath = /bin/sh;
			shellScript = "diff \"${PODS_PODFILE_DIR_PATH}/Podfile.lock\" \"${PODS_ROOT}/Manifest.lock\" > /dev/null\nif [ $? != 0 ] ; then\n    # print error to STDERR\n    echo \"error: The sandbox is not in sync with the Podfile.lock. Run 'pod install' or update your CocoaPods installation.\" >&2\n    exit 1\nfi\n# This output is used by Xcode 'outputs' to avoid re-running this script phase.\necho \"SUCCESS\" > \"${SCRIPT_OUTPUT_FILE_0}\"\n";
			showEnvVarsInLog = 0;
		};
/* End PBXShellScriptBuildPhase section */

/* Begin PBXSourcesBuildPhase section */
		2DBA18A62530F78B00876744 /* Sources */ = {
			isa = PBXSourcesBuildPhase;
			buildActionMask = 2147483647;
			files = (
				2DBA18B22530F78B00876744 /* ViewController.swift in Sources */,
				2DB534992539E6FB008A8B46 /* WelcomeViewController.swift in Sources */,
				2DBA18AE2530F78B00876744 /* AppDelegate.swift in Sources */,
				2DBA18B02530F78B00876744 /* SceneDelegate.swift in Sources */,
			);
			runOnlyForDeploymentPostprocessing = 0;
		};
/* End PBXSourcesBuildPhase section */

/* Begin PBXVariantGroup section */
		2DBA18B32530F78B00876744 /* Main.storyboard */ = {
			isa = PBXVariantGroup;
			children = (
				2DBA18B42530F78B00876744 /* Base */,
			);
			name = Main.storyboard;
			sourceTree = "<group>";
		};
		2DBA18B82530F78B00876744 /* LaunchScreen.storyboard */ = {
			isa = PBXVariantGroup;
			children = (
				2DBA18B92530F78B00876744 /* Base */,
			);
			name = LaunchScreen.storyboard;
			sourceTree = "<group>";
		};
/* End PBXVariantGroup section */

/* Begin XCBuildConfiguration section */
		2DBA18BC2530F78B00876744 /* Debug */ = {
			isa = XCBuildConfiguration;
			buildSettings = {
				ALWAYS_SEARCH_USER_PATHS = NO;
				CLANG_ANALYZER_NONNULL = YES;
				CLANG_ANALYZER_NUMBER_OBJECT_CONVERSION = YES_AGGRESSIVE;
				CLANG_CXX_LANGUAGE_STANDARD = "gnu++14";
				CLANG_CXX_LIBRARY = "libc++";
				CLANG_ENABLE_MODULES = YES;
				CLANG_ENABLE_OBJC_ARC = YES;
				CLANG_ENABLE_OBJC_WEAK = YES;
				CLANG_WARN_BLOCK_CAPTURE_AUTORELEASING = YES;
				CLANG_WARN_BOOL_CONVERSION = YES;
				CLANG_WARN_COMMA = YES;
				CLANG_WARN_CONSTANT_CONVERSION = YES;
				CLANG_WARN_DEPRECATED_OBJC_IMPLEMENTATIONS = YES;
				CLANG_WARN_DIRECT_OBJC_ISA_USAGE = YES_ERROR;
				CLANG_WARN_DOCUMENTATION_COMMENTS = YES;
				CLANG_WARN_EMPTY_BODY = YES;
				CLANG_WARN_ENUM_CONVERSION = YES;
				CLANG_WARN_INFINITE_RECURSION = YES;
				CLANG_WARN_INT_CONVERSION = YES;
				CLANG_WARN_NON_LITERAL_NULL_CONVERSION = YES;
				CLANG_WARN_OBJC_IMPLICIT_RETAIN_SELF = YES;
				CLANG_WARN_OBJC_LITERAL_CONVERSION = YES;
				CLANG_WARN_OBJC_ROOT_CLASS = YES_ERROR;
				CLANG_WARN_RANGE_LOOP_ANALYSIS = YES;
				CLANG_WARN_STRICT_PROTOTYPES = YES;
				CLANG_WARN_SUSPICIOUS_MOVE = YES;
				CLANG_WARN_UNGUARDED_AVAILABILITY = YES_AGGRESSIVE;
				CLANG_WARN_UNREACHABLE_CODE = YES;
				CLANG_WARN__DUPLICATE_METHOD_MATCH = YES;
				COPY_PHASE_STRIP = NO;
				DEBUG_INFORMATION_FORMAT = dwarf;
				ENABLE_STRICT_OBJC_MSGSEND = YES;
				ENABLE_TESTABILITY = YES;
				GCC_C_LANGUAGE_STANDARD = gnu11;
				GCC_DYNAMIC_NO_PIC = NO;
				GCC_NO_COMMON_BLOCKS = YES;
				GCC_OPTIMIZATION_LEVEL = 0;
				GCC_PREPROCESSOR_DEFINITIONS = (
					"DEBUG=1",
					"$(inherited)",
				);
				GCC_WARN_64_TO_32_BIT_CONVERSION = YES;
				GCC_WARN_ABOUT_RETURN_TYPE = YES_ERROR;
				GCC_WARN_UNDECLARED_SELECTOR = YES;
				GCC_WARN_UNINITIALIZED_AUTOS = YES_AGGRESSIVE;
				GCC_WARN_UNUSED_FUNCTION = YES;
				GCC_WARN_UNUSED_VARIABLE = YES;
				IPHONEOS_DEPLOYMENT_TARGET = 13.6;
				MTL_ENABLE_DEBUG_INFO = INCLUDE_SOURCE;
				MTL_FAST_MATH = YES;
				ONLY_ACTIVE_ARCH = YES;
				SDKROOT = iphoneos;
				SWIFT_ACTIVE_COMPILATION_CONDITIONS = DEBUG;
				SWIFT_OPTIMIZATION_LEVEL = "-Onone";
			};
			name = Debug;
		};
		2DBA18BD2530F78B00876744 /* Release */ = {
			isa = XCBuildConfiguration;
			buildSettings = {
				ALWAYS_SEARCH_USER_PATHS = NO;
				CLANG_ANALYZER_NONNULL = YES;
				CLANG_ANALYZER_NUMBER_OBJECT_CONVERSION = YES_AGGRESSIVE;
				CLANG_CXX_LANGUAGE_STANDARD = "gnu++14";
				CLANG_CXX_LIBRARY = "libc++";
				CLANG_ENABLE_MODULES = YES;
				CLANG_ENABLE_OBJC_ARC = YES;
				CLANG_ENABLE_OBJC_WEAK = YES;
				CLANG_WARN_BLOCK_CAPTURE_AUTORELEASING = YES;
				CLANG_WARN_BOOL_CONVERSION = YES;
				CLANG_WARN_COMMA = YES;
				CLANG_WARN_CONSTANT_CONVERSION = YES;
				CLANG_WARN_DEPRECATED_OBJC_IMPLEMENTATIONS = YES;
				CLANG_WARN_DIRECT_OBJC_ISA_USAGE = YES_ERROR;
				CLANG_WARN_DOCUMENTATION_COMMENTS = YES;
				CLANG_WARN_EMPTY_BODY = YES;
				CLANG_WARN_ENUM_CONVERSION = YES;
				CLANG_WARN_INFINITE_RECURSION = YES;
				CLANG_WARN_INT_CONVERSION = YES;
				CLANG_WARN_NON_LITERAL_NULL_CONVERSION = YES;
				CLANG_WARN_OBJC_IMPLICIT_RETAIN_SELF = YES;
				CLANG_WARN_OBJC_LITERAL_CONVERSION = YES;
				CLANG_WARN_OBJC_ROOT_CLASS = YES_ERROR;
				CLANG_WARN_RANGE_LOOP_ANALYSIS = YES;
				CLANG_WARN_STRICT_PROTOTYPES = YES;
				CLANG_WARN_SUSPICIOUS_MOVE = YES;
				CLANG_WARN_UNGUARDED_AVAILABILITY = YES_AGGRESSIVE;
				CLANG_WARN_UNREACHABLE_CODE = YES;
				CLANG_WARN__DUPLICATE_METHOD_MATCH = YES;
				COPY_PHASE_STRIP = NO;
				DEBUG_INFORMATION_FORMAT = "dwarf-with-dsym";
				ENABLE_NS_ASSERTIONS = NO;
				ENABLE_STRICT_OBJC_MSGSEND = YES;
				GCC_C_LANGUAGE_STANDARD = gnu11;
				GCC_NO_COMMON_BLOCKS = YES;
				GCC_WARN_64_TO_32_BIT_CONVERSION = YES;
				GCC_WARN_ABOUT_RETURN_TYPE = YES_ERROR;
				GCC_WARN_UNDECLARED_SELECTOR = YES;
				GCC_WARN_UNINITIALIZED_AUTOS = YES_AGGRESSIVE;
				GCC_WARN_UNUSED_FUNCTION = YES;
				GCC_WARN_UNUSED_VARIABLE = YES;
				IPHONEOS_DEPLOYMENT_TARGET = 13.6;
				MTL_ENABLE_DEBUG_INFO = NO;
				MTL_FAST_MATH = YES;
				SDKROOT = iphoneos;
				SWIFT_COMPILATION_MODE = wholemodule;
				SWIFT_OPTIMIZATION_LEVEL = "-O";
				VALIDATE_PRODUCT = YES;
			};
			name = Release;
		};
		2DBA18BF2530F78B00876744 /* Debug */ = {
			isa = XCBuildConfiguration;
			baseConfigurationReference = 814513AF3B6F72D5AFF5B22C /* Pods-LetsChat.debug.xcconfig */;
			buildSettings = {
				ASSETCATALOG_COMPILER_APPICON_NAME = AppIcon;
				CODE_SIGN_STYLE = Automatic;
				INFOPLIST_FILE = LetsChat/Info.plist;
				LD_RUNPATH_SEARCH_PATHS = (
					"$(inherited)",
					"@executable_path/Frameworks",
				);
				PRODUCT_BUNDLE_IDENTIFIER = com.amrmohamad.LetsChat;
				PRODUCT_NAME = "$(TARGET_NAME)";
				SWIFT_VERSION = 5.0;
				TARGETED_DEVICE_FAMILY = 1;
			};
			name = Debug;
		};
		2DBA18C02530F78B00876744 /* Release */ = {
			isa = XCBuildConfiguration;
			baseConfigurationReference = 36303DAE2BFCD66AAA29E19A /* Pods-LetsChat.release.xcconfig */;
			buildSettings = {
				ASSETCATALOG_COMPILER_APPICON_NAME = AppIcon;
				CODE_SIGN_STYLE = Automatic;
				INFOPLIST_FILE = LetsChat/Info.plist;
				LD_RUNPATH_SEARCH_PATHS = (
					"$(inherited)",
					"@executable_path/Frameworks",
				);
				PRODUCT_BUNDLE_IDENTIFIER = com.amrmohamad.LetsChat;
				PRODUCT_NAME = "$(TARGET_NAME)";
				SWIFT_VERSION = 5.0;
				TARGETED_DEVICE_FAMILY = 1;
			};
			name = Release;
		};
/* End XCBuildConfiguration section */

/* Begin XCConfigurationList section */
		2DBA18A52530F78B00876744 /* Build configuration list for PBXProject "LetsChat" */ = {
			isa = XCConfigurationList;
			buildConfigurations = (
				2DBA18BC2530F78B00876744 /* Debug */,
				2DBA18BD2530F78B00876744 /* Release */,
			);
			defaultConfigurationIsVisible = 0;
			defaultConfigurationName = Release;
		};
		2DBA18BE2530F78B00876744 /* Build configuration list for PBXNativeTarget "LetsChat" */ = {
			isa = XCConfigurationList;
			buildConfigurations = (
				2DBA18BF2530F78B00876744 /* Debug */,
				2DBA18C02530F78B00876744 /* Release */,
			);
			defaultConfigurationIsVisible = 0;
			defaultConfigurationName = Release;
		};
/* End XCConfigurationList section */
	};
	rootObject = 2DBA18A22530F78B00876744 /* Project object */;
}
